PODS:
  - Alamofire (5.4.1)
  - Cosmos (23.0.0)
  - IQKeyboardManagerSwift (6.5.6)
  - JGProgressHUD (2.2)
  - MOLH (1.4.3)
  - SDWebImage (5.10.2):
    - SDWebImage/Core (= 5.10.2)
  - SDWebImage/Core (5.10.2)

DEPENDENCIES:
  - Alamofire
  - Cosmos (~> 23.0)
  - IQKeyboardManagerSwift
  - JGProgressHUD
  - MOLH
  - SDWebImage

SPEC REPOS:
  trunk:
    - Alamofire
    - Cosmos
    - IQKeyboardManagerSwift
    - JGProgressHUD
    - MOLH
    - SDWebImage

SPEC CHECKSUMS:
  Alamofire: 2291f7d21ca607c491dd17642e5d40fdcda0e65c
  Cosmos: b5c6a9a637e28a061b54c8f8b1d8529d7d4db73f
  IQKeyboardManagerSwift: c7df9d2deb356c04522f5c4b7b6e4ce4d8ed94fe
  JGProgressHUD: d83d7a981b85d11205e19ff8ad5bb9c40571c847
  MOLH: e45827d200aeb1310641090fd8cd03ad2b42ae72
  SDWebImage: b969dcfc02c40a5da71eac0b03b8f1a0c794a86f

PODFILE CHECKSUM: cd7406827542bcdd09753c182dfe5f426383f1bb

COCOAPODS: 1.8.4
